{
  "lockfileVersion": 1,
  "workspaces": {
    "": {
      "name": "egami",
      "dependencies": {
        "@types/pngjs": "^6.0.5",
        "commander": "^14.0.0",
        "dcmjs": "^0.43.1",
        "dcmjs-imaging": "^0.2.1",
        "nifti-reader-js": "^0.8.0",
        "pngjs": "^7.0.0",
      },
      "devDependencies": {
        "@types/bun": "latest",
      },
      "peerDependencies": {
        "typescript": "^5",
      },
    },
  },
  "packages": {
    "@babel/runtime-corejs3": ["@babel/runtime-corejs3@7.28.2", "", { "dependencies": { "core-js-pure": "^3.43.0" } }, "sha512-FVFaVs2/dZgD3Y9ZD+AKNKjyGKzwu0C54laAXWUXgLcVXcCX6YZ6GhK2cp7FogSN2OA0Fu+QT8dP3FUdo9ShSQ=="],

    "@types/bun": ["@types/bun@1.2.19", "", { "dependencies": { "bun-types": "1.2.19" } }, "sha512-d9ZCmrH3CJ2uYKXQIUuZ/pUnTqIvLDS0SK7pFmbx8ma+ziH/FRMoAq5bYpRG7y+w1gl+HgyNZbtqgMq4W4e2Lg=="],

    "@types/node": ["@types/node@24.1.0", "", { "dependencies": { "undici-types": "~7.8.0" } }, "sha512-ut5FthK5moxFKH2T1CUOC6ctR67rQRvvHdFLCD2Ql6KXmMuCrjsSsRI9UsLCm9M18BMwClv4pn327UvB7eeO1w=="],

    "@types/pngjs": ["@types/pngjs@6.0.5", "", { "dependencies": { "@types/node": "*" } }, "sha512-0k5eKfrA83JOZPppLtS2C7OUtyNAl2wKNxfyYl9Q5g9lPkgBl/9hNyAu6HuEH2J4XmIv2znEpkDd0SaZVxW6iQ=="],

    "@types/react": ["@types/react@19.1.8", "", { "dependencies": { "csstype": "^3.0.2" } }, "sha512-AwAfQ2Wa5bCx9WP8nZL2uMZWod7J7/JSplxbTmBQ5ms6QpqNYm672H0Vu9ZVKVngQ+ii4R/byguVEUZQyeg44g=="],

    "adm-zip": ["adm-zip@0.5.16", "", {}, "sha512-TGw5yVi4saajsSEgz25grObGHEUaDrniwvA2qwSC060KfqGPdglhvPMA2lPIoxs3PQIItj2iag35fONcQqgUaQ=="],

    "bun-types": ["bun-types@1.2.19", "", { "dependencies": { "@types/node": "*" }, "peerDependencies": { "@types/react": "^19" } }, "sha512-uAOTaZSPuYsWIXRpj7o56Let0g/wjihKCkeRqUBhlLVM/Bt+Fj9xTo+LhC1OV1XDaGkz4hNC80et5xgy+9KTHQ=="],

    "commander": ["commander@14.0.0", "", {}, "sha512-2uM9rYjPvyq39NwLRqaiLtWHyDC1FvryJDa2ATTVims5YAS4PupsEQsDvP14FqhFr0P49CYDugi59xaxJlTXRA=="],

    "core-js-pure": ["core-js-pure@3.44.0", "", {}, "sha512-gvMQAGB4dfVUxpYD0k3Fq8J+n5bB6Ytl15lqlZrOIXFzxOhtPaObfkQGHtMRdyjIf7z2IeNULwi1jEwyS+ltKQ=="],

    "csstype": ["csstype@3.1.3", "", {}, "sha512-M1uQkMl8rQK/szD0LNhtqxIPLpimGm8sOBwU7lLnCpSbTyY3yeU1Vc7l4KT5zT4s/yOxHH5O7tIuuLOCnLADRw=="],

    "dcmjs": ["dcmjs@0.43.1", "", { "dependencies": { "@babel/runtime-corejs3": "^7.22.5", "adm-zip": "^0.5.10", "gl-matrix": "^3.1.0", "lodash.clonedeep": "^4.5.0", "loglevel": "^1.8.1", "ndarray": "^1.0.19", "pako": "^2.0.4" } }, "sha512-7IAB2cs2F8QYINbfhA7PV+IDraqBuHn8N31xJc6HsyNxZXyGUPQRujcq732ACqjLhl7oJi1z8PJJgLdblQtD3Q=="],

    "dcmjs-codecs": ["dcmjs-codecs@0.0.6", "", { "dependencies": { "dcmjs": "^0.40.0", "loglevel": "^1.9.2", "loglevel-plugin-prefix": "^0.8.4" } }, "sha512-F9hgo8zpbYZVC1U7X9LobU03FPH7A2+0zkULFEoJnlWGhrVjfhvM7h1rQQpsw0+qH5qYVACMY9s/boOM905gZg=="],

    "dcmjs-imaging": ["dcmjs-imaging@0.2.1", "", { "dependencies": { "dcmjs": "^0.40.0", "dcmjs-codecs": "^0.0.6", "loglevel": "^1.9.2", "loglevel-plugin-prefix": "^0.8.4" } }, "sha512-H07+AlRD71zajai/kJNI5WaTM9ZpfOAPe0LX380HwsfE+ZwxsHfcFdq93xv7RHkmmiRAbJAtF3ulQmkxKve5Ug=="],

    "fflate": ["fflate@0.8.2", "", {}, "sha512-cPJU47OaAoCbg0pBvzsgpTPhmhqI5eJjh/JIu8tPj5q+T7iLvW/JAYUqmE7KOB4R1ZyEhzBaIQpQpardBF5z8A=="],

    "gl-matrix": ["gl-matrix@3.4.3", "", {}, "sha512-wcCp8vu8FT22BnvKVPjXa/ICBWRq/zjFfdofZy1WSpQZpphblv12/bOQLBC1rMM7SGOFS9ltVmKOHil5+Ml7gA=="],

    "iota-array": ["iota-array@1.0.0", "", {}, "sha512-pZ2xT+LOHckCatGQ3DcG/a+QuEqvoxqkiL7tvE8nn3uuu+f6i1TtpB5/FtWFbxUuVr5PZCx8KskuGatbJDXOWA=="],

    "is-buffer": ["is-buffer@1.1.6", "", {}, "sha512-NcdALwpXkTm5Zvvbk7owOUSvVvBKDgKP5/ewfXEznmQFfs4ZRmanOeKBTjRVjka3QFoN6XJ+9F3USqfHqTaU5w=="],

    "lodash.clonedeep": ["lodash.clonedeep@4.5.0", "", {}, "sha512-H5ZhCF25riFd9uB5UCkVKo61m3S/xZk1x4wA6yp/L3RFP6Z/eHH1ymQcGLo7J3GMPfm0V/7m1tryHuGVxpqEBQ=="],

    "loglevel": ["loglevel@1.9.2", "", {}, "sha512-HgMmCqIJSAKqo68l0rS2AanEWfkxaZ5wNiEFb5ggm08lDs9Xl2KxBlX3PTcaD2chBM1gXAYf491/M2Rv8Jwayg=="],

    "loglevel-plugin-prefix": ["loglevel-plugin-prefix@0.8.4", "", {}, "sha512-WpG9CcFAOjz/FtNht+QJeGpvVl/cdR6P0z6OcXSkr8wFJOsV2GRj2j10JLfjuA4aYkcKCNIEqRGCyTife9R8/g=="],

    "ndarray": ["ndarray@1.0.19", "", { "dependencies": { "iota-array": "^1.0.0", "is-buffer": "^1.0.2" } }, "sha512-B4JHA4vdyZU30ELBw3g7/p9bZupyew5a7tX1Y/gGeF2hafrPaQZhgrGQfsvgfYbgdFZjYwuEcnaobeM/WMW+HQ=="],

    "nifti-reader-js": ["nifti-reader-js@0.8.0", "", { "dependencies": { "fflate": "^0.8.2" } }, "sha512-iO1iIhQDfKniy+l/86HfOPte7So+SxBmBiMSiUB2VXU7z4hSewMTlE3h0fCgfzfXvMUa+ilzLTJ2ZHmtFw6EWw=="],

    "pako": ["pako@2.1.0", "", {}, "sha512-w+eufiZ1WuJYgPXbV/PO3NCMEc3xqylkKHzp8bxp1uW4qaSNQUkwmLLEc3kKsfz8lpV1F8Ht3U1Cm+9Srog2ug=="],

    "pngjs": ["pngjs@7.0.0", "", {}, "sha512-LKWqWJRhstyYo9pGvgor/ivk2w94eSjE3RGVuzLGlr3NmD8bf7RcYGze1mNdEHRP6TRP6rMuDHk5t44hnTRyow=="],

    "typescript": ["typescript@5.8.3", "", { "bin": { "tsc": "bin/tsc", "tsserver": "bin/tsserver" } }, "sha512-p1diW6TqL9L07nNxvRMM7hMMw4c5XOo/1ibL4aAIGmSAt9slTE1Xgw5KWuof2uTOvCg9BY7ZRi+GaF+7sfgPeQ=="],

    "undici-types": ["undici-types@7.8.0", "", {}, "sha512-9UJ2xGDvQ43tYyVMpuHlsgApydB8ZKfVYTsLDhXkFL/6gfkp+U8xTGdh8pMJv1SpZna0zxG1DwsKZsreLbXBxw=="],

    "dcmjs-codecs/dcmjs": ["dcmjs@0.40.0", "", { "dependencies": { "@babel/runtime-corejs3": "^7.22.5", "adm-zip": "^0.5.10", "gl-matrix": "^3.1.0", "lodash.clonedeep": "^4.5.0", "loglevel": "^1.8.1", "ndarray": "^1.0.19", "pako": "^2.0.4" } }, "sha512-FId8dPpDg45ynIjpWF1mXlA77YcQBcE/eQGgkQpJqB0k9NF4simMYbSm9pJ5ORizYdDzOzjZpVNVym/vnFQJzQ=="],

    "dcmjs-imaging/dcmjs": ["dcmjs@0.40.0", "", { "dependencies": { "@babel/runtime-corejs3": "^7.22.5", "adm-zip": "^0.5.10", "gl-matrix": "^3.1.0", "lodash.clonedeep": "^4.5.0", "loglevel": "^1.8.1", "ndarray": "^1.0.19", "pako": "^2.0.4" } }, "sha512-FId8dPpDg45ynIjpWF1mXlA77YcQBcE/eQGgkQpJqB0k9NF4simMYbSm9pJ5ORizYdDzOzjZpVNVym/vnFQJzQ=="],
  }
}
